{
    "_readme": [
        "This file locks the dependencies of your project to a known state",
        "Read more about it at https://getcomposer.org/doc/01-basic-usage.md#composer-lock-the-lock-file",
        "This file is @generated automatically"
    ],
    "hash": "0d9e6799210564b3746f4e1026cc69f8",
    "content-hash": "149676d6ede0401c8cbff9c6ee15e191",
    "packages": [
        {
            "name": "libern/qr-code-reader",
            "version": "1.0.0",
            "source": {
                "type": "git",
                "url": "https://github.com/libern/qr-code-reader.git",
                "reference": "b9d1aec4bde201d616a9a4aa441cbdb5a437570b"
            },
            "dist": {
                "type": "zip",
                "url": "https://api.github.com/repos/libern/qr-code-reader/zipball/b9d1aec4bde201d616a9a4aa441cbdb5a437570b",
                "reference": "b9d1aec4bde201d616a9a4aa441cbdb5a437570b",
                "shasum": ""
            },
            "require": {
                "php": ">=5.3.0"
            },
            "type": "library",
            "autoload": {
                "psr-4": {
                    "Libern\\QRCodeReader\\": "src/"
                }
            },
            "notification-url": "https://packagist.org/downloads/",
            "license": [
                "MIT"
            ],
            "authors": [
                {
                    "name": "Libern Lin",
                    "email": "libernlin@gmail.com"
                }
            ],
            "description": "Simple PHP QR Code Reader / Decoder",
            "homepage": "https://github.com/libern/qr-code-reader",
            "keywords": [
                "laravel",
                "qr code decoder",
                "qr code reader"
            ],
            "time": "2015-07-25 05:35:48"
        }
    ],
    "packages-dev": [],
    "aliases": [],
    "minimum-stability": "stable",
    "stability-flags": [],
    "prefer-stable": false,
    "prefer-lowest": false,
    "platform": [],
    "platform-dev": []
}
